
Microsoft Visual Studio Solution File, Format Version 12.00
Project("{FAE04EC0-301F-11D3-BF4B-00C04F79EFBC}") = "FoodOrderQuality.Core", "FoodOrderQuality.Core\FoodOrderQuality.Core.csproj", "{B243CC51-52AD-4FDE-9EBF-9F0C6CD6D214}"
EndProject
Project("{FAE04EC0-301F-11D3-BF4B-00C04F79EFBC}") = "FoodOrderQuality.Api", "FoodOrderQuality.Api\FoodOrderQuality.Api.csproj", "{74C84DBF-6FDA-4A49-8F28-CB65776A3877}"
EndProject
Project("{FAE04EC0-301F-11D3-BF4B-00C04F79EFBC}") = "FoodOrderQuality.UnitTests", "FoodOrderQuality.UnitTests\FoodOrderQuality.UnitTests.csproj", "{A9283CEA-626A-4151-9BC5-5DDBAD184BC2}"
EndProject
Project("{FAE04EC0-301F-11D3-BF4B-00C04F79EFBC}") = "FoodOrderQuality.BddTests", "FoodOrderQuality.BddTests\FoodOrderQuality.BddTests.csproj", "{FE4FDF06-B3DA-432B-86C1-A07A2F0D1FD1}"
EndProject
Global
	GlobalSection(SolutionConfigurationPlatforms) = preSolution
		Debug|Any CPU = Debug|Any CPU
		Release|Any CPU = Release|Any CPU
	EndGlobalSection
	GlobalSection(ProjectConfigurationPlatforms) = postSolution
		{B243CC51-52AD-4FDE-9EBF-9F0C6CD6D214}.Debug|Any CPU.ActiveCfg = Debug|Any CPU
		{B243CC51-52AD-4FDE-9EBF-9F0C6CD6D214}.Debug|Any CPU.Build.0 = Debug|Any CPU
		{B243CC51-52AD-4FDE-9EBF-9F0C6CD6D214}.Release|Any CPU.ActiveCfg = Release|Any CPU
		{B243CC51-52AD-4FDE-9EBF-9F0C6CD6D214}.Release|Any CPU.Build.0 = Release|Any CPU
		{74C84DBF-6FDA-4A49-8F28-CB65776A3877}.Debug|Any CPU.ActiveCfg = Debug|Any CPU
		{74C84DBF-6FDA-4A49-8F28-CB65776A3877}.Debug|Any CPU.Build.0 = Debug|Any CPU
		{74C84DBF-6FDA-4A49-8F28-CB65776A3877}.Release|Any CPU.ActiveCfg = Release|Any CPU
		{74C84DBF-6FDA-4A49-8F28-CB65776A3877}.Release|Any CPU.Build.0 = Release|Any CPU
		{A9283CEA-626A-4151-9BC5-5DDBAD184BC2}.Debug|Any CPU.ActiveCfg = Debug|Any CPU
		{A9283CEA-626A-4151-9BC5-5DDBAD184BC2}.Debug|Any CPU.Build.0 = Debug|Any CPU
		{A9283CEA-626A-4151-9BC5-5DDBAD184BC2}.Release|Any CPU.ActiveCfg = Release|Any CPU
		{A9283CEA-626A-4151-9BC5-5DDBAD184BC2}.Release|Any CPU.Build.0 = Release|Any CPU
		{FE4FDF06-B3DA-432B-86C1-A07A2F0D1FD1}.Debug|Any CPU.ActiveCfg = Debug|Any CPU
		{FE4FDF06-B3DA-432B-86C1-A07A2F0D1FD1}.Debug|Any CPU.Build.0 = Debug|Any CPU
		{FE4FDF06-B3DA-432B-86C1-A07A2F0D1FD1}.Release|Any CPU.ActiveCfg = Release|Any CPU
		{FE4FDF06-B3DA-432B-86C1-A07A2F0D1FD1}.Release|Any CPU.Build.0 = Release|Any CPU
	EndGlobalSection
EndGlobal
